
Microsoft Visual Studio Solution File, Format Version 12.00
# Visual Studio Version 16
VisualStudioVersion = 16.0.30330.147
MinimumVisualStudioVersion = 10.0.40219.1
Project("{F184B08F-C81C-45F6-A57F-5ABD9991F28F}") = "Password checker and generator", "Password checker and generator\Password checker and generator.vbproj", "{AC3C589E-D262-4455-B48C-04EAE857140B}"
EndProject
Global
	GlobalSection(SolutionConfigurationPlatforms) = preSolution
		Debug|Any CPU = Debug|Any CPU
		Release|Any CPU = Release|Any CPU
	EndGlobalSection
	GlobalSection(ProjectConfigurationPlatforms) = postSolution
		{AC3C589E-D262-4455-B48C-04EAE857140B}.Debug|Any CPU.ActiveCfg = Debug|Any CPU
		{AC3C589E-D262-4455-B48C-04EAE857140B}.Debug|Any CPU.Build.0 = Debug|Any CPU
		{AC3C589E-D262-4455-B48C-04EAE857140B}.Release|Any CPU.ActiveCfg = Release|Any CPU
		{AC3C589E-D262-4455-B48C-04EAE857140B}.Release|Any CPU.Build.0 = Release|Any CPU
	EndGlobalSection
	GlobalSection(SolutionProperties) = preSolution
		HideSolutionNode = FALSE
	EndGlobalSection
	GlobalSection(ExtensibilityGlobals) = postSolution
		SolutionGuid = {C53F284A-8B08-4644-ABF7-71606A255FF8}
	EndGlobalSection
EndGlobal
